
Microsoft Visual Studio Solution File, Format Version 12.00
# Visual Studio 15
Project("{FAE04EC0-301F-11D3-BF4B-00C04F79EFBC}") = "UnityEngine.UI", "UnityEngine.UI.csproj", "{03AC2CA7-AF01-FE34-84B6-7CE92CF47147}"
EndProject
Project("{FAE04EC0-301F-11D3-BF4B-00C04F79EFBC}") = "Unity.ML-Agents", "Unity.ML-Agents.csproj", "{9AA9EB98-E884-F474-15C2-71466A8B2194}"
EndProject
Project("{FAE04EC0-301F-11D3-BF4B-00C04F79EFBC}") = "UnityEngine.TestRunner", "UnityEngine.TestRunner.csproj", "{01B1BFF9-F8EB-01DA-B770-0788E04F46BD}"
EndProject
Project("{FAE04EC0-301F-11D3-BF4B-00C04F79EFBC}") = "Unity.Barracuda", "Unity.Barracuda.csproj", "{75AD50F3-FFC0-63E3-931A-DEEF03984B40}"
EndProject
Project("{FAE04EC0-301F-11D3-BF4B-00C04F79EFBC}") = "Unity.Timeline", "Unity.Timeline.csproj", "{AA71CFAB-420E-E867-0666-4F0F82B56279}"
EndProject
Project("{FAE04EC0-301F-11D3-BF4B-00C04F79EFBC}") = "Unity.Mathematics", "Unity.Mathematics.csproj", "{F3E1D955-3AEC-9B08-AE6D-867DCA9DF752}"
EndProject
Project("{FAE04EC0-301F-11D3-BF4B-00C04F79EFBC}") = "Unity.ProBuilder", "Unity.ProBuilder.csproj", "{5E8CF9AC-D865-A7D2-1E51-73411D03BFAD}"
EndProject
Project("{FAE04EC0-301F-11D3-BF4B-00C04F79EFBC}") = "Unity.TextMeshPro", "Unity.TextMeshPro.csproj", "{3375ABF2-BCB5-BC3F-D583-0FE77C66C37C}"
EndProject
Project("{FAE04EC0-301F-11D3-BF4B-00C04F79EFBC}") = "Unity.Burst", "Unity.Burst.csproj", "{768BBF1D-EC13-B258-0C08-0F6608410401}"
EndProject
Project("{FAE04EC0-301F-11D3-BF4B-00C04F79EFBC}") = "Unity.ProBuilder.Poly2Tri", "Unity.ProBuilder.Poly2Tri.csproj", "{B629EB6B-85F0-FB6C-E288-9474705E5E55}"
EndProject
Project("{FAE04EC0-301F-11D3-BF4B-00C04F79EFBC}") = "Assembly-CSharp", "Assembly-CSharp.csproj", "{32C3BDE6-E125-3128-82C1-25D0441455A3}"
EndProject
Project("{FAE04EC0-301F-11D3-BF4B-00C04F79EFBC}") = "Unity.ML-Agents.CommunicatorObjects", "Unity.ML-Agents.CommunicatorObjects.csproj", "{8355FE5B-47DD-0C05-D38C-7D42E46F1C14}"
EndProject
Project("{FAE04EC0-301F-11D3-BF4B-00C04F79EFBC}") = "Unity.ProBuilder.Csg", "Unity.ProBuilder.Csg.csproj", "{B4F35D74-F010-BB19-A9F8-8497C69B9FB8}"
EndProject
Project("{FAE04EC0-301F-11D3-BF4B-00C04F79EFBC}") = "Unity.ProBuilder.KdTree", "Unity.ProBuilder.KdTree.csproj", "{445112AD-14C4-70F9-8EDE-D824977E4A98}"
EndProject
Project("{FAE04EC0-301F-11D3-BF4B-00C04F79EFBC}") = "Unity.ProBuilder.Stl", "Unity.ProBuilder.Stl.csproj", "{E45BE277-3BEF-62A3-C615-E0A76B240876}"
EndProject
Project("{FAE04EC0-301F-11D3-BF4B-00C04F79EFBC}") = "Unity.Barracuda.BurstBLAS", "Unity.Barracuda.BurstBLAS.csproj", "{C37E4640-241F-E27D-BBDD-22C2512A2CCD}"
EndProject
Project("{FAE04EC0-301F-11D3-BF4B-00C04F79EFBC}") = "Unity.Barracuda.iOSBLAS", "Unity.Barracuda.iOSBLAS.csproj", "{65799634-E1A9-AE9B-1391-1E3D1AF30689}"
EndProject
Project("{FAE04EC0-301F-11D3-BF4B-00C04F79EFBC}") = "Unity.Barracuda.MacBLAS", "Unity.Barracuda.MacBLAS.csproj", "{DF6880BD-C585-6DBF-560D-A5177AD51F5A}"
EndProject
Project("{FAE04EC0-301F-11D3-BF4B-00C04F79EFBC}") = "UnityEditor.TestRunner", "UnityEditor.TestRunner.csproj", "{A3047590-38BB-CCB1-C01D-C771027F8920}"
EndProject
Project("{FAE04EC0-301F-11D3-BF4B-00C04F79EFBC}") = "Unity.ProBuilder.Editor", "Unity.ProBuilder.Editor.csproj", "{BA893A6F-EF2D-4345-9431-E2631A7AE570}"
EndProject
Project("{FAE04EC0-301F-11D3-BF4B-00C04F79EFBC}") = "Unity.PlasticSCM.Editor", "Unity.PlasticSCM.Editor.csproj", "{D91B6A68-CC51-EEDF-EECD-A582294ED2E9}"
EndProject
Project("{FAE04EC0-301F-11D3-BF4B-00C04F79EFBC}") = "UnityEditor.UI", "UnityEditor.UI.csproj", "{067C016A-9BDF-7DCE-2E59-C851BCB7CD88}"
EndProject
Project("{FAE04EC0-301F-11D3-BF4B-00C04F79EFBC}") = "Unity.Services.Core.Editor", "Unity.Services.Core.Editor.csproj", "{FB85BB1A-75A7-A17B-AB84-2BD94E550D1D}"
EndProject
Project("{FAE04EC0-301F-11D3-BF4B-00C04F79EFBC}") = "Unity.Timeline.Editor", "Unity.Timeline.Editor.csproj", "{9DC54C43-50D1-95EB-BB01-5C3160E083A4}"
EndProject
Project("{FAE04EC0-301F-11D3-BF4B-00C04F79EFBC}") = "Unity.VisualStudio.Editor", "Unity.VisualStudio.Editor.csproj", "{A5250F35-1318-2544-DD4C-5C2FC4147C97}"
EndProject
Project("{FAE04EC0-301F-11D3-BF4B-00C04F79EFBC}") = "Unity.Barracuda.Editor", "Unity.Barracuda.Editor.csproj", "{AC71DC27-2A62-8ECF-735C-A1C0267841F8}"
EndProject
Project("{FAE04EC0-301F-11D3-BF4B-00C04F79EFBC}") = "Unity.TextMeshPro.Editor", "Unity.TextMeshPro.Editor.csproj", "{AB010756-D918-EA42-906F-0FD15891EDA7}"
EndProject
Project("{FAE04EC0-301F-11D3-BF4B-00C04F79EFBC}") = "Unity.CollabProxy.Editor", "Unity.CollabProxy.Editor.csproj", "{167C60AB-AB6D-7EED-BEB2-EFA64D7C53B6}"
EndProject
Project("{FAE04EC0-301F-11D3-BF4B-00C04F79EFBC}") = "Unity.Rider.Editor", "Unity.Rider.Editor.csproj", "{9B168589-3356-01B5-B9F7-335C1615CD9E}"
EndProject
Project("{FAE04EC0-301F-11D3-BF4B-00C04F79EFBC}") = "Unity.Burst.Editor", "Unity.Burst.Editor.csproj", "{4D3A783A-D5D8-27C8-58DB-ACED6840C5DC}"
EndProject
Project("{FAE04EC0-301F-11D3-BF4B-00C04F79EFBC}") = "Unity.VSCode.Editor", "Unity.VSCode.Editor.csproj", "{86D4755F-5CEC-9BB4-CFF1-41DB8CAD4A63}"
EndProject
Project("{FAE04EC0-301F-11D3-BF4B-00C04F79EFBC}") = "Unity.ProBuilder.AssetIdRemapUtility", "Unity.ProBuilder.AssetIdRemapUtility.csproj", "{524A8597-EEBD-3409-9B4C-319EE2317D1A}"
EndProject
Project("{FAE04EC0-301F-11D3-BF4B-00C04F79EFBC}") = "Unity.Settings.Editor", "Unity.Settings.Editor.csproj", "{7D619AD0-2EC3-17D6-7A49-94EB6392D914}"
EndProject
Project("{FAE04EC0-301F-11D3-BF4B-00C04F79EFBC}") = "Unity.ML-Agents.Editor", "Unity.ML-Agents.Editor.csproj", "{F87BFE61-FD11-6C44-EB47-8B52BC41CE14}"
EndProject
Project("{FAE04EC0-301F-11D3-BF4B-00C04F79EFBC}") = "Unity.Mathematics.Editor", "Unity.Mathematics.Editor.csproj", "{546FCC2C-381C-6D8B-E6B6-4B7DAD5BBD36}"
EndProject
Project("{FAE04EC0-301F-11D3-BF4B-00C04F79EFBC}") = "Unity.ProBuilder.AddOns.Editor", "Unity.ProBuilder.AddOns.Editor.csproj", "{DD4C1335-6954-89A3-31A0-C961E716B8FF}"
EndProject
Project("{FAE04EC0-301F-11D3-BF4B-00C04F79EFBC}") = "UnityEngine.UI", "UnityEngine.UI.Player.csproj", "{4175FC37-CA84-8EB6-BBC7-3A725EFBFEB2}"
EndProject
Project("{FAE04EC0-301F-11D3-BF4B-00C04F79EFBC}") = "Unity.ML-Agents", "Unity.ML-Agents.Player.csproj", "{63FADC86-7BE9-00BD-E11B-D1342DF9DFAD}"
EndProject
Project("{FAE04EC0-301F-11D3-BF4B-00C04F79EFBC}") = "UnityEngine.TestRunner", "UnityEngine.TestRunner.Player.csproj", "{8DCC4497-F8CC-283E-A391-57AFEC9F6136}"
EndProject
Project("{FAE04EC0-301F-11D3-BF4B-00C04F79EFBC}") = "Unity.Barracuda", "Unity.Barracuda.Player.csproj", "{1D8A42CA-72BB-7106-EF00-A720D33E2DA2}"
EndProject
Project("{FAE04EC0-301F-11D3-BF4B-00C04F79EFBC}") = "Unity.Timeline", "Unity.Timeline.Player.csproj", "{AF1E7EDF-B1AC-9357-E8D2-99BCE54A8C87}"
EndProject
Project("{FAE04EC0-301F-11D3-BF4B-00C04F79EFBC}") = "Unity.Mathematics", "Unity.Mathematics.Player.csproj", "{325F2EA1-853D-6F96-5AC0-FF192031AC89}"
EndProject
Project("{FAE04EC0-301F-11D3-BF4B-00C04F79EFBC}") = "Unity.ProBuilder", "Unity.ProBuilder.Player.csproj", "{D7A3FA90-586F-9814-861C-F6EAACF3358F}"
EndProject
Project("{FAE04EC0-301F-11D3-BF4B-00C04F79EFBC}") = "Unity.TextMeshPro", "Unity.TextMeshPro.Player.csproj", "{AAC37154-B4C3-415A-650E-0078602C0FA1}"
EndProject
Project("{FAE04EC0-301F-11D3-BF4B-00C04F79EFBC}") = "Unity.Burst", "Unity.Burst.Player.csproj", "{4D61F92E-3A05-D38B-9ECD-34E21A744026}"
EndProject
Project("{FAE04EC0-301F-11D3-BF4B-00C04F79EFBC}") = "Unity.ProBuilder.Poly2Tri", "Unity.ProBuilder.Poly2Tri.Player.csproj", "{BF06378A-1608-EC1A-4E20-6335743F301B}"
EndProject
Project("{FAE04EC0-301F-11D3-BF4B-00C04F79EFBC}") = "Assembly-CSharp", "Assembly-CSharp.Player.csproj", "{01581593-00CC-05E8-4BB5-DE9370206819}"
EndProject
Project("{FAE04EC0-301F-11D3-BF4B-00C04F79EFBC}") = "Unity.ML-Agents.CommunicatorObjects", "Unity.ML-Agents.CommunicatorObjects.Player.csproj", "{FAD9A7EE-4EEF-70F6-31DC-417C51302102}"
EndProject
Project("{FAE04EC0-301F-11D3-BF4B-00C04F79EFBC}") = "Unity.ProBuilder.Csg", "Unity.ProBuilder.Csg.Player.csproj", "{E6207424-431A-EC38-4A88-159B46925235}"
EndProject
Project("{FAE04EC0-301F-11D3-BF4B-00C04F79EFBC}") = "Unity.ProBuilder.KdTree", "Unity.ProBuilder.KdTree.Player.csproj", "{50BCC987-323F-5B4F-E004-5F10566B09E3}"
EndProject
Project("{FAE04EC0-301F-11D3-BF4B-00C04F79EFBC}") = "Unity.ProBuilder.Stl", "Unity.ProBuilder.Stl.Player.csproj", "{0BCAEBF6-EFD3-1DC0-208F-A41AD38976C1}"
EndProject
Project("{FAE04EC0-301F-11D3-BF4B-00C04F79EFBC}") = "Unity.Barracuda.BurstBLAS", "Unity.Barracuda.BurstBLAS.Player.csproj", "{9A706735-60BE-5D4C-5B2F-AD6FE8473712}"
EndProject
Global
	GlobalSection(SolutionConfigurationPlatforms) = preSolution
		Debug|Any CPU = Debug|Any CPU
		Release|Any CPU = Release|Any CPU
	EndGlobalSection
	GlobalSection(ProjectConfigurationPlatforms) = postSolution
		{03AC2CA7-AF01-FE34-84B6-7CE92CF47147}.Debug|Any CPU.ActiveCfg = Debug|Any CPU
		{03AC2CA7-AF01-FE34-84B6-7CE92CF47147}.Debug|Any CPU.Build.0 = Debug|Any CPU
		{03AC2CA7-AF01-FE34-84B6-7CE92CF47147}.Release|Any CPU.ActiveCfg = Release|Any CPU
		{03AC2CA7-AF01-FE34-84B6-7CE92CF47147}.Release|Any CPU.Build.0 = Release|Any CPU
		{9AA9EB98-E884-F474-15C2-71466A8B2194}.Debug|Any CPU.ActiveCfg = Debug|Any CPU
		{9AA9EB98-E884-F474-15C2-71466A8B2194}.Debug|Any CPU.Build.0 = Debug|Any CPU
		{9AA9EB98-E884-F474-15C2-71466A8B2194}.Release|Any CPU.ActiveCfg = Release|Any CPU
		{9AA9EB98-E884-F474-15C2-71466A8B2194}.Release|Any CPU.Build.0 = Release|Any CPU
		{01B1BFF9-F8EB-01DA-B770-0788E04F46BD}.Debug|Any CPU.ActiveCfg = Debug|Any CPU
		{01B1BFF9-F8EB-01DA-B770-0788E04F46BD}.Debug|Any CPU.Build.0 = Debug|Any CPU
		{01B1BFF9-F8EB-01DA-B770-0788E04F46BD}.Release|Any CPU.ActiveCfg = Release|Any CPU
		{01B1BFF9-F8EB-01DA-B770-0788E04F46BD}.Release|Any CPU.Build.0 = Release|Any CPU
		{75AD50F3-FFC0-63E3-931A-DEEF03984B40}.Debug|Any CPU.ActiveCfg = Debug|Any CPU
		{75AD50F3-FFC0-63E3-931A-DEEF03984B40}.Debug|Any CPU.Build.0 = Debug|Any CPU
		{75AD50F3-FFC0-63E3-931A-DEEF03984B40}.Release|Any CPU.ActiveCfg = Release|Any CPU
		{75AD50F3-FFC0-63E3-931A-DEEF03984B40}.Release|Any CPU.Build.0 = Release|Any CPU
		{AA71CFAB-420E-E867-0666-4F0F82B56279}.Debug|Any CPU.ActiveCfg = Debug|Any CPU
		{AA71CFAB-420E-E867-0666-4F0F82B56279}.Debug|Any CPU.Build.0 = Debug|Any CPU
		{AA71CFAB-420E-E867-0666-4F0F82B56279}.Release|Any CPU.ActiveCfg = Release|Any CPU
		{AA71CFAB-420E-E867-0666-4F0F82B56279}.Release|Any CPU.Build.0 = Release|Any CPU
		{F3E1D955-3AEC-9B08-AE6D-867DCA9DF752}.Debug|Any CPU.ActiveCfg = Debug|Any CPU
		{F3E1D955-3AEC-9B08-AE6D-867DCA9DF752}.Debug|Any CPU.Build.0 = Debug|Any CPU
		{F3E1D955-3AEC-9B08-AE6D-867DCA9DF752}.Release|Any CPU.ActiveCfg = Release|Any CPU
		{F3E1D955-3AEC-9B08-AE6D-867DCA9DF752}.Release|Any CPU.Build.0 = Release|Any CPU
		{5E8CF9AC-D865-A7D2-1E51-73411D03BFAD}.Debug|Any CPU.ActiveCfg = Debug|Any CPU
		{5E8CF9AC-D865-A7D2-1E51-73411D03BFAD}.Debug|Any CPU.Build.0 = Debug|Any CPU
		{5E8CF9AC-D865-A7D2-1E51-73411D03BFAD}.Release|Any CPU.ActiveCfg = Release|Any CPU
		{5E8CF9AC-D865-A7D2-1E51-73411D03BFAD}.Release|Any CPU.Build.0 = Release|Any CPU
		{3375ABF2-BCB5-BC3F-D583-0FE77C66C37C}.Debug|Any CPU.ActiveCfg = Debug|Any CPU
		{3375ABF2-BCB5-BC3F-D583-0FE77C66C37C}.Debug|Any CPU.Build.0 = Debug|Any CPU
		{3375ABF2-BCB5-BC3F-D583-0FE77C66C37C}.Release|Any CPU.ActiveCfg = Release|Any CPU
		{3375ABF2-BCB5-BC3F-D583-0FE77C66C37C}.Release|Any CPU.Build.0 = Release|Any CPU
		{768BBF1D-EC13-B258-0C08-0F6608410401}.Debug|Any CPU.ActiveCfg = Debug|Any CPU
		{768BBF1D-EC13-B258-0C08-0F6608410401}.Debug|Any CPU.Build.0 = Debug|Any CPU
		{768BBF1D-EC13-B258-0C08-0F6608410401}.Release|Any CPU.ActiveCfg = Release|Any CPU
		{768BBF1D-EC13-B258-0C08-0F6608410401}.Release|Any CPU.Build.0 = Release|Any CPU
		{B629EB6B-85F0-FB6C-E288-9474705E5E55}.Debug|Any CPU.ActiveCfg = Debug|Any CPU
		{B629EB6B-85F0-FB6C-E288-9474705E5E55}.Debug|Any CPU.Build.0 = Debug|Any CPU
		{B629EB6B-85F0-FB6C-E288-9474705E5E55}.Release|Any CPU.ActiveCfg = Release|Any CPU
		{B629EB6B-85F0-FB6C-E288-9474705E5E55}.Release|Any CPU.Build.0 = Release|Any CPU
		{32C3BDE6-E125-3128-82C1-25D0441455A3}.Debug|Any CPU.ActiveCfg = Debug|Any CPU
		{32C3BDE6-E125-3128-82C1-25D0441455A3}.Debug|Any CPU.Build.0 = Debug|Any CPU
		{32C3BDE6-E125-3128-82C1-25D0441455A3}.Release|Any CPU.ActiveCfg = Release|Any CPU
		{32C3BDE6-E125-3128-82C1-25D0441455A3}.Release|Any CPU.Build.0 = Release|Any CPU
		{8355FE5B-47DD-0C05-D38C-7D42E46F1C14}.Debug|Any CPU.ActiveCfg = Debug|Any CPU
		{8355FE5B-47DD-0C05-D38C-7D42E46F1C14}.Debug|Any CPU.Build.0 = Debug|Any CPU
		{8355FE5B-47DD-0C05-D38C-7D42E46F1C14}.Release|Any CPU.ActiveCfg = Release|Any CPU
		{8355FE5B-47DD-0C05-D38C-7D42E46F1C14}.Release|Any CPU.Build.0 = Release|Any CPU
		{B4F35D74-F010-BB19-A9F8-8497C69B9FB8}.Debug|Any CPU.ActiveCfg = Debug|Any CPU
		{B4F35D74-F010-BB19-A9F8-8497C69B9FB8}.Debug|Any CPU.Build.0 = Debug|Any CPU
		{B4F35D74-F010-BB19-A9F8-8497C69B9FB8}.Release|Any CPU.ActiveCfg = Release|Any CPU
		{B4F35D74-F010-BB19-A9F8-8497C69B9FB8}.Release|Any CPU.Build.0 = Release|Any CPU
		{445112AD-14C4-70F9-8EDE-D824977E4A98}.Debug|Any CPU.ActiveCfg = Debug|Any CPU
		{445112AD-14C4-70F9-8EDE-D824977E4A98}.Debug|Any CPU.Build.0 = Debug|Any CPU
		{445112AD-14C4-70F9-8EDE-D824977E4A98}.Release|Any CPU.ActiveCfg = Release|Any CPU
		{445112AD-14C4-70F9-8EDE-D824977E4A98}.Release|Any CPU.Build.0 = Release|Any CPU
		{E45BE277-3BEF-62A3-C615-E0A76B240876}.Debug|Any CPU.ActiveCfg = Debug|Any CPU
		{E45BE277-3BEF-62A3-C615-E0A76B240876}.Debug|Any CPU.Build.0 = Debug|Any CPU
		{E45BE277-3BEF-62A3-C615-E0A76B240876}.Release|Any CPU.ActiveCfg = Release|Any CPU
		{E45BE277-3BEF-62A3-C615-E0A76B240876}.Release|Any CPU.Build.0 = Release|Any CPU
		{C37E4640-241F-E27D-BBDD-22C2512A2CCD}.Debug|Any CPU.ActiveCfg = Debug|Any CPU
		{C37E4640-241F-E27D-BBDD-22C2512A2CCD}.Debug|Any CPU.Build.0 = Debug|Any CPU
		{C37E4640-241F-E27D-BBDD-22C2512A2CCD}.Release|Any CPU.ActiveCfg = Release|Any CPU
		{C37E4640-241F-E27D-BBDD-22C2512A2CCD}.Release|Any CPU.Build.0 = Release|Any CPU
		{65799634-E1A9-AE9B-1391-1E3D1AF30689}.Debug|Any CPU.ActiveCfg = Debug|Any CPU
		{65799634-E1A9-AE9B-1391-1E3D1AF30689}.Debug|Any CPU.Build.0 = Debug|Any CPU
		{65799634-E1A9-AE9B-1391-1E3D1AF30689}.Release|Any CPU.ActiveCfg = Release|Any CPU
		{65799634-E1A9-AE9B-1391-1E3D1AF30689}.Release|Any CPU.Build.0 = Release|Any CPU
		{DF6880BD-C585-6DBF-560D-A5177AD51F5A}.Debug|Any CPU.ActiveCfg = Debug|Any CPU
		{DF6880BD-C585-6DBF-560D-A5177AD51F5A}.Debug|Any CPU.Build.0 = Debug|Any CPU
		{DF6880BD-C585-6DBF-560D-A5177AD51F5A}.Release|Any CPU.ActiveCfg = Release|Any CPU
		{DF6880BD-C585-6DBF-560D-A5177AD51F5A}.Release|Any CPU.Build.0 = Release|Any CPU
		{A3047590-38BB-CCB1-C01D-C771027F8920}.Debug|Any CPU.ActiveCfg = Debug|Any CPU
		{A3047590-38BB-CCB1-C01D-C771027F8920}.Debug|Any CPU.Build.0 = Debug|Any CPU
		{A3047590-38BB-CCB1-C01D-C771027F8920}.Release|Any CPU.ActiveCfg = Release|Any CPU
		{A3047590-38BB-CCB1-C01D-C771027F8920}.Release|Any CPU.Build.0 = Release|Any CPU
		{BA893A6F-EF2D-4345-9431-E2631A7AE570}.Debug|Any CPU.ActiveCfg = Debug|Any CPU
		{BA893A6F-EF2D-4345-9431-E2631A7AE570}.Debug|Any CPU.Build.0 = Debug|Any CPU
		{BA893A6F-EF2D-4345-9431-E2631A7AE570}.Release|Any CPU.ActiveCfg = Release|Any CPU
		{BA893A6F-EF2D-4345-9431-E2631A7AE570}.Release|Any CPU.Build.0 = Release|Any CPU
		{D91B6A68-CC51-EEDF-EECD-A582294ED2E9}.Debug|Any CPU.ActiveCfg = Debug|Any CPU
		{D91B6A68-CC51-EEDF-EECD-A582294ED2E9}.Debug|Any CPU.Build.0 = Debug|Any CPU
		{D91B6A68-CC51-EEDF-EECD-A582294ED2E9}.Release|Any CPU.ActiveCfg = Release|Any CPU
		{D91B6A68-CC51-EEDF-EECD-A582294ED2E9}.Release|Any CPU.Build.0 = Release|Any CPU
		{067C016A-9BDF-7DCE-2E59-C851BCB7CD88}.Debug|Any CPU.ActiveCfg = Debug|Any CPU
		{067C016A-9BDF-7DCE-2E59-C851BCB7CD88}.Debug|Any CPU.Build.0 = Debug|Any CPU
		{067C016A-9BDF-7DCE-2E59-C851BCB7CD88}.Release|Any CPU.ActiveCfg = Release|Any CPU
		{067C016A-9BDF-7DCE-2E59-C851BCB7CD88}.Release|Any CPU.Build.0 = Release|Any CPU
		{FB85BB1A-75A7-A17B-AB84-2BD94E550D1D}.Debug|Any CPU.ActiveCfg = Debug|Any CPU
		{FB85BB1A-75A7-A17B-AB84-2BD94E550D1D}.Debug|Any CPU.Build.0 = Debug|Any CPU
		{FB85BB1A-75A7-A17B-AB84-2BD94E550D1D}.Release|Any CPU.ActiveCfg = Release|Any CPU
		{FB85BB1A-75A7-A17B-AB84-2BD94E550D1D}.Release|Any CPU.Build.0 = Release|Any CPU
		{9DC54C43-50D1-95EB-BB01-5C3160E083A4}.Debug|Any CPU.ActiveCfg = Debug|Any CPU
		{9DC54C43-50D1-95EB-BB01-5C3160E083A4}.Debug|Any CPU.Build.0 = Debug|Any CPU
		{9DC54C43-50D1-95EB-BB01-5C3160E083A4}.Release|Any CPU.ActiveCfg = Release|Any CPU
		{9DC54C43-50D1-95EB-BB01-5C3160E083A4}.Release|Any CPU.Build.0 = Release|Any CPU
		{A5250F35-1318-2544-DD4C-5C2FC4147C97}.Debug|Any CPU.ActiveCfg = Debug|Any CPU
		{A5250F35-1318-2544-DD4C-5C2FC4147C97}.Debug|Any CPU.Build.0 = Debug|Any CPU
		{A5250F35-1318-2544-DD4C-5C2FC4147C97}.Release|Any CPU.ActiveCfg = Release|Any CPU
		{A5250F35-1318-2544-DD4C-5C2FC4147C97}.Release|Any CPU.Build.0 = Release|Any CPU
		{AC71DC27-2A62-8ECF-735C-A1C0267841F8}.Debug|Any CPU.ActiveCfg = Debug|Any CPU
		{AC71DC27-2A62-8ECF-735C-A1C0267841F8}.Debug|Any CPU.Build.0 = Debug|Any CPU
		{AC71DC27-2A62-8ECF-735C-A1C0267841F8}.Release|Any CPU.ActiveCfg = Release|Any CPU
		{AC71DC27-2A62-8ECF-735C-A1C0267841F8}.Release|Any CPU.Build.0 = Release|Any CPU
		{AB010756-D918-EA42-906F-0FD15891EDA7}.Debug|Any CPU.ActiveCfg = Debug|Any CPU
		{AB010756-D918-EA42-906F-0FD15891EDA7}.Debug|Any CPU.Build.0 = Debug|Any CPU
		{AB010756-D918-EA42-906F-0FD15891EDA7}.Release|Any CPU.ActiveCfg = Release|Any CPU
		{AB010756-D918-EA42-906F-0FD15891EDA7}.Release|Any CPU.Build.0 = Release|Any CPU
		{167C60AB-AB6D-7EED-BEB2-EFA64D7C53B6}.Debug|Any CPU.ActiveCfg = Debug|Any CPU
		{167C60AB-AB6D-7EED-BEB2-EFA64D7C53B6}.Debug|Any CPU.Build.0 = Debug|Any CPU
		{167C60AB-AB6D-7EED-BEB2-EFA64D7C53B6}.Release|Any CPU.ActiveCfg = Release|Any CPU
		{167C60AB-AB6D-7EED-BEB2-EFA64D7C53B6}.Release|Any CPU.Build.0 = Release|Any CPU
		{9B168589-3356-01B5-B9F7-335C1615CD9E}.Debug|Any CPU.ActiveCfg = Debug|Any CPU
		{9B168589-3356-01B5-B9F7-335C1615CD9E}.Debug|Any CPU.Build.0 = Debug|Any CPU
		{9B168589-3356-01B5-B9F7-335C1615CD9E}.Release|Any CPU.ActiveCfg = Release|Any CPU
		{9B168589-3356-01B5-B9F7-335C1615CD9E}.Release|Any CPU.Build.0 = Release|Any CPU
		{4D3A783A-D5D8-27C8-58DB-ACED6840C5DC}.Debug|Any CPU.ActiveCfg = Debug|Any CPU
		{4D3A783A-D5D8-27C8-58DB-ACED6840C5DC}.Debug|Any CPU.Build.0 = Debug|Any CPU
		{4D3A783A-D5D8-27C8-58DB-ACED6840C5DC}.Release|Any CPU.ActiveCfg = Release|Any CPU
		{4D3A783A-D5D8-27C8-58DB-ACED6840C5DC}.Release|Any CPU.Build.0 = Release|Any CPU
		{86D4755F-5CEC-9BB4-CFF1-41DB8CAD4A63}.Debug|Any CPU.ActiveCfg = Debug|Any CPU
		{86D4755F-5CEC-9BB4-CFF1-41DB8CAD4A63}.Debug|Any CPU.Build.0 = Debug|Any CPU
		{86D4755F-5CEC-9BB4-CFF1-41DB8CAD4A63}.Release|Any CPU.ActiveCfg = Release|Any CPU
		{86D4755F-5CEC-9BB4-CFF1-41DB8CAD4A63}.Release|Any CPU.Build.0 = Release|Any CPU
		{524A8597-EEBD-3409-9B4C-319EE2317D1A}.Debug|Any CPU.ActiveCfg = Debug|Any CPU
		{524A8597-EEBD-3409-9B4C-319EE2317D1A}.Debug|Any CPU.Build.0 = Debug|Any CPU
		{524A8597-EEBD-3409-9B4C-319EE2317D1A}.Release|Any CPU.ActiveCfg = Release|Any CPU
		{524A8597-EEBD-3409-9B4C-319EE2317D1A}.Release|Any CPU.Build.0 = Release|Any CPU
		{7D619AD0-2EC3-17D6-7A49-94EB6392D914}.Debug|Any CPU.ActiveCfg = Debug|Any CPU
		{7D619AD0-2EC3-17D6-7A49-94EB6392D914}.Debug|Any CPU.Build.0 = Debug|Any CPU
		{7D619AD0-2EC3-17D6-7A49-94EB6392D914}.Release|Any CPU.ActiveCfg = Release|Any CPU
		{7D619AD0-2EC3-17D6-7A49-94EB6392D914}.Release|Any CPU.Build.0 = Release|Any CPU
		{F87BFE61-FD11-6C44-EB47-8B52BC41CE14}.Debug|Any CPU.ActiveCfg = Debug|Any CPU
		{F87BFE61-FD11-6C44-EB47-8B52BC41CE14}.Debug|Any CPU.Build.0 = Debug|Any CPU
		{F87BFE61-FD11-6C44-EB47-8B52BC41CE14}.Release|Any CPU.ActiveCfg = Release|Any CPU
		{F87BFE61-FD11-6C44-EB47-8B52BC41CE14}.Release|Any CPU.Build.0 = Release|Any CPU
		{546FCC2C-381C-6D8B-E6B6-4B7DAD5BBD36}.Debug|Any CPU.ActiveCfg = Debug|Any CPU
		{546FCC2C-381C-6D8B-E6B6-4B7DAD5BBD36}.Debug|Any CPU.Build.0 = Debug|Any CPU
		{546FCC2C-381C-6D8B-E6B6-4B7DAD5BBD36}.Release|Any CPU.ActiveCfg = Release|Any CPU
		{546FCC2C-381C-6D8B-E6B6-4B7DAD5BBD36}.Release|Any CPU.Build.0 = Release|Any CPU
		{DD4C1335-6954-89A3-31A0-C961E716B8FF}.Debug|Any CPU.ActiveCfg = Debug|Any CPU
		{DD4C1335-6954-89A3-31A0-C961E716B8FF}.Debug|Any CPU.Build.0 = Debug|Any CPU
		{DD4C1335-6954-89A3-31A0-C961E716B8FF}.Release|Any CPU.ActiveCfg = Release|Any CPU
		{DD4C1335-6954-89A3-31A0-C961E716B8FF}.Release|Any CPU.Build.0 = Release|Any CPU
		{4175FC37-CA84-8EB6-BBC7-3A725EFBFEB2}.Debug|Any CPU.ActiveCfg = Debug|Any CPU
		{4175FC37-CA84-8EB6-BBC7-3A725EFBFEB2}.Debug|Any CPU.Build.0 = Debug|Any CPU
		{4175FC37-CA84-8EB6-BBC7-3A725EFBFEB2}.Release|Any CPU.ActiveCfg = Release|Any CPU
		{4175FC37-CA84-8EB6-BBC7-3A725EFBFEB2}.Release|Any CPU.Build.0 = Release|Any CPU
		{63FADC86-7BE9-00BD-E11B-D1342DF9DFAD}.Debug|Any CPU.ActiveCfg = Debug|Any CPU
		{63FADC86-7BE9-00BD-E11B-D1342DF9DFAD}.Debug|Any CPU.Build.0 = Debug|Any CPU
		{63FADC86-7BE9-00BD-E11B-D1342DF9DFAD}.Release|Any CPU.ActiveCfg = Release|Any CPU
		{63FADC86-7BE9-00BD-E11B-D1342DF9DFAD}.Release|Any CPU.Build.0 = Release|Any CPU
		{8DCC4497-F8CC-283E-A391-57AFEC9F6136}.Debug|Any CPU.ActiveCfg = Debug|Any CPU
		{8DCC4497-F8CC-283E-A391-57AFEC9F6136}.Debug|Any CPU.Build.0 = Debug|Any CPU
		{8DCC4497-F8CC-283E-A391-57AFEC9F6136}.Release|Any CPU.ActiveCfg = Release|Any CPU
		{8DCC4497-F8CC-283E-A391-57AFEC9F6136}.Release|Any CPU.Build.0 = Release|Any CPU
		{1D8A42CA-72BB-7106-EF00-A720D33E2DA2}.Debug|Any CPU.ActiveCfg = Debug|Any CPU
		{1D8A42CA-72BB-7106-EF00-A720D33E2DA2}.Debug|Any CPU.Build.0 = Debug|Any CPU
		{1D8A42CA-72BB-7106-EF00-A720D33E2DA2}.Release|Any CPU.ActiveCfg = Release|Any CPU
		{1D8A42CA-72BB-7106-EF00-A720D33E2DA2}.Release|Any CPU.Build.0 = Release|Any CPU
		{AF1E7EDF-B1AC-9357-E8D2-99BCE54A8C87}.Debug|Any CPU.ActiveCfg = Debug|Any CPU
		{AF1E7EDF-B1AC-9357-E8D2-99BCE54A8C87}.Debug|Any CPU.Build.0 = Debug|Any CPU
		{AF1E7EDF-B1AC-9357-E8D2-99BCE54A8C87}.Release|Any CPU.ActiveCfg = Release|Any CPU
		{AF1E7EDF-B1AC-9357-E8D2-99BCE54A8C87}.Release|Any CPU.Build.0 = Release|Any CPU
		{325F2EA1-853D-6F96-5AC0-FF192031AC89}.Debug|Any CPU.ActiveCfg = Debug|Any CPU
		{325F2EA1-853D-6F96-5AC0-FF192031AC89}.Debug|Any CPU.Build.0 = Debug|Any CPU
		{325F2EA1-853D-6F96-5AC0-FF192031AC89}.Release|Any CPU.ActiveCfg = Release|Any CPU
		{325F2EA1-853D-6F96-5AC0-FF192031AC89}.Release|Any CPU.Build.0 = Release|Any CPU
		{D7A3FA90-586F-9814-861C-F6EAACF3358F}.Debug|Any CPU.ActiveCfg = Debug|Any CPU
		{D7A3FA90-586F-9814-861C-F6EAACF3358F}.Debug|Any CPU.Build.0 = Debug|Any CPU
		{D7A3FA90-586F-9814-861C-F6EAACF3358F}.Release|Any CPU.ActiveCfg = Release|Any CPU
		{D7A3FA90-586F-9814-861C-F6EAACF3358F}.Release|Any CPU.Build.0 = Release|Any CPU
		{AAC37154-B4C3-415A-650E-0078602C0FA1}.Debug|Any CPU.ActiveCfg = Debug|Any CPU
		{AAC37154-B4C3-415A-650E-0078602C0FA1}.Debug|Any CPU.Build.0 = Debug|Any CPU
		{AAC37154-B4C3-415A-650E-0078602C0FA1}.Release|Any CPU.ActiveCfg = Release|Any CPU
		{AAC37154-B4C3-415A-650E-0078602C0FA1}.Release|Any CPU.Build.0 = Release|Any CPU
		{4D61F92E-3A05-D38B-9ECD-34E21A744026}.Debug|Any CPU.ActiveCfg = Debug|Any CPU
		{4D61F92E-3A05-D38B-9ECD-34E21A744026}.Debug|Any CPU.Build.0 = Debug|Any CPU
		{4D61F92E-3A05-D38B-9ECD-34E21A744026}.Release|Any CPU.ActiveCfg = Release|Any CPU
		{4D61F92E-3A05-D38B-9ECD-34E21A744026}.Release|Any CPU.Build.0 = Release|Any CPU
		{BF06378A-1608-EC1A-4E20-6335743F301B}.Debug|Any CPU.ActiveCfg = Debug|Any CPU
		{BF06378A-1608-EC1A-4E20-6335743F301B}.Debug|Any CPU.Build.0 = Debug|Any CPU
		{BF06378A-1608-EC1A-4E20-6335743F301B}.Release|Any CPU.ActiveCfg = Release|Any CPU
		{BF06378A-1608-EC1A-4E20-6335743F301B}.Release|Any CPU.Build.0 = Release|Any CPU
		{01581593-00CC-05E8-4BB5-DE9370206819}.Debug|Any CPU.ActiveCfg = Debug|Any CPU
		{01581593-00CC-05E8-4BB5-DE9370206819}.Debug|Any CPU.Build.0 = Debug|Any CPU
		{01581593-00CC-05E8-4BB5-DE9370206819}.Release|Any CPU.ActiveCfg = Release|Any CPU
		{01581593-00CC-05E8-4BB5-DE9370206819}.Release|Any CPU.Build.0 = Release|Any CPU
		{FAD9A7EE-4EEF-70F6-31DC-417C51302102}.Debug|Any CPU.ActiveCfg = Debug|Any CPU
		{FAD9A7EE-4EEF-70F6-31DC-417C51302102}.Debug|Any CPU.Build.0 = Debug|Any CPU
		{FAD9A7EE-4EEF-70F6-31DC-417C51302102}.Release|Any CPU.ActiveCfg = Release|Any CPU
		{FAD9A7EE-4EEF-70F6-31DC-417C51302102}.Release|Any CPU.Build.0 = Release|Any CPU
		{E6207424-431A-EC38-4A88-159B46925235}.Debug|Any CPU.ActiveCfg = Debug|Any CPU
		{E6207424-431A-EC38-4A88-159B46925235}.Debug|Any CPU.Build.0 = Debug|Any CPU
		{E6207424-431A-EC38-4A88-159B46925235}.Release|Any CPU.ActiveCfg = Release|Any CPU
		{E6207424-431A-EC38-4A88-159B46925235}.Release|Any CPU.Build.0 = Release|Any CPU
		{50BCC987-323F-5B4F-E004-5F10566B09E3}.Debug|Any CPU.ActiveCfg = Debug|Any CPU
		{50BCC987-323F-5B4F-E004-5F10566B09E3}.Debug|Any CPU.Build.0 = Debug|Any CPU
		{50BCC987-323F-5B4F-E004-5F10566B09E3}.Release|Any CPU.ActiveCfg = Release|Any CPU
		{50BCC987-323F-5B4F-E004-5F10566B09E3}.Release|Any CPU.Build.0 = Release|Any CPU
		{0BCAEBF6-EFD3-1DC0-208F-A41AD38976C1}.Debug|Any CPU.ActiveCfg = Debug|Any CPU
		{0BCAEBF6-EFD3-1DC0-208F-A41AD38976C1}.Debug|Any CPU.Build.0 = Debug|Any CPU
		{0BCAEBF6-EFD3-1DC0-208F-A41AD38976C1}.Release|Any CPU.ActiveCfg = Release|Any CPU
		{0BCAEBF6-EFD3-1DC0-208F-A41AD38976C1}.Release|Any CPU.Build.0 = Release|Any CPU
		{9A706735-60BE-5D4C-5B2F-AD6FE8473712}.Debug|Any CPU.ActiveCfg = Debug|Any CPU
		{9A706735-60BE-5D4C-5B2F-AD6FE8473712}.Debug|Any CPU.Build.0 = Debug|Any CPU
		{9A706735-60BE-5D4C-5B2F-AD6FE8473712}.Release|Any CPU.ActiveCfg = Release|Any CPU
		{9A706735-60BE-5D4C-5B2F-AD6FE8473712}.Release|Any CPU.Build.0 = Release|Any CPU
	EndGlobalSection
	GlobalSection(SolutionProperties) = preSolution
		HideSolutionNode = FALSE
	EndGlobalSection
EndGlobal
